
Microsoft Visual Studio Solution File, Format Version 12.00
# Visual Studio 15
VisualStudioVersion = 15.0.28307.852
MinimumVisualStudioVersion = 10.0.40219.1
Project("{FAE04EC0-301F-11D3-BF4B-00C04F79EFBC}") = "cryptology_wpf_3", "cryptology_wpf_1\cryptology_wpf_3.csproj", "{DD77DEC8-178D-4BB6-A9A1-DB5B2ACF6FED}"
EndProject
Global
	GlobalSection(SolutionConfigurationPlatforms) = preSolution
		Debug|Any CPU = Debug|Any CPU
		Release|Any CPU = Release|Any CPU
	EndGlobalSection
	GlobalSection(ProjectConfigurationPlatforms) = postSolution
		{DD77DEC8-178D-4BB6-A9A1-DB5B2ACF6FED}.Debug|Any CPU.ActiveCfg = Debug|Any CPU
		{DD77DEC8-178D-4BB6-A9A1-DB5B2ACF6FED}.Debug|Any CPU.Build.0 = Debug|Any CPU
		{DD77DEC8-178D-4BB6-A9A1-DB5B2ACF6FED}.Release|Any CPU.ActiveCfg = Release|Any CPU
		{DD77DEC8-178D-4BB6-A9A1-DB5B2ACF6FED}.Release|Any CPU.Build.0 = Release|Any CPU
	EndGlobalSection
	GlobalSection(SolutionProperties) = preSolution
		HideSolutionNode = FALSE
	EndGlobalSection
	GlobalSection(ExtensibilityGlobals) = postSolution
		SolutionGuid = {8521B34D-5627-4E82-8B22-9150D71424AD}
	EndGlobalSection
EndGlobal
